
Microsoft Visual Studio Solution File, Format Version 12.00
# Visual Studio Version 17
VisualStudioVersion = 17.5.33424.131
MinimumVisualStudioVersion = 10.0.40219.1
Project("{FAE04EC0-301F-11D3-BF4B-00C04F79EFBC}") = "PZ2", "PZ2.csproj", "{8D04994F-6CC0-4B2B-855A-4E30FC7A862D}"
EndProject
Project("{FAE04EC0-301F-11D3-BF4B-00C04F79EFBC}") = "MeteringSimulator", "..\..\..\Downloads\PSI IUIS - PZ2 - Metering Simulator T7\MeteringSimulator - T7\MeteringSimulator\MeteringSimulator.csproj", "{134D87AD-F428-469F-A98E-5F007EDD241B}"
EndProject
Global
	GlobalSection(SolutionConfigurationPlatforms) = preSolution
		Debug|Any CPU = Debug|Any CPU
		Release|Any CPU = Release|Any CPU
	EndGlobalSection
	GlobalSection(ProjectConfigurationPlatforms) = postSolution
		{8D04994F-6CC0-4B2B-855A-4E30FC7A862D}.Debug|Any CPU.ActiveCfg = Debug|Any CPU
		{8D04994F-6CC0-4B2B-855A-4E30FC7A862D}.Debug|Any CPU.Build.0 = Debug|Any CPU
		{8D04994F-6CC0-4B2B-855A-4E30FC7A862D}.Release|Any CPU.ActiveCfg = Release|Any CPU
		{8D04994F-6CC0-4B2B-855A-4E30FC7A862D}.Release|Any CPU.Build.0 = Release|Any CPU
		{134D87AD-F428-469F-A98E-5F007EDD241B}.Debug|Any CPU.ActiveCfg = Debug|Any CPU
		{134D87AD-F428-469F-A98E-5F007EDD241B}.Debug|Any CPU.Build.0 = Debug|Any CPU
		{134D87AD-F428-469F-A98E-5F007EDD241B}.Release|Any CPU.ActiveCfg = Release|Any CPU
		{134D87AD-F428-469F-A98E-5F007EDD241B}.Release|Any CPU.Build.0 = Release|Any CPU
	EndGlobalSection
	GlobalSection(SolutionProperties) = preSolution
		HideSolutionNode = FALSE
	EndGlobalSection
	GlobalSection(ExtensibilityGlobals) = postSolution
		SolutionGuid = {C7D91180-6D8C-4384-9C71-661317136EC9}
	EndGlobalSection
EndGlobal
